
Microsoft Visual Studio Solution File, Format Version 12.00
# Visual Studio Version 17
VisualStudioVersion = 17.0.32112.339
MinimumVisualStudioVersion = 10.0.40219.1
Project("{FAE04EC0-301F-11D3-BF4B-00C04F79EFBC}") = "AdivinarAnimalP3A", "AdivinarAnimalP3A\AdivinarAnimalP3A.csproj", "{71A282E0-6324-4287-A10F-D2FEF99EEE34}"
EndProject
Global
	GlobalSection(SolutionConfigurationPlatforms) = preSolution
		Debug|Any CPU = Debug|Any CPU
		Release|Any CPU = Release|Any CPU
	EndGlobalSection
	GlobalSection(ProjectConfigurationPlatforms) = postSolution
		{71A282E0-6324-4287-A10F-D2FEF99EEE34}.Debug|Any CPU.ActiveCfg = Debug|Any CPU
		{71A282E0-6324-4287-A10F-D2FEF99EEE34}.Debug|Any CPU.Build.0 = Debug|Any CPU
		{71A282E0-6324-4287-A10F-D2FEF99EEE34}.Release|Any CPU.ActiveCfg = Release|Any CPU
		{71A282E0-6324-4287-A10F-D2FEF99EEE34}.Release|Any CPU.Build.0 = Release|Any CPU
	EndGlobalSection
	GlobalSection(SolutionProperties) = preSolution
		HideSolutionNode = FALSE
	EndGlobalSection
	GlobalSection(ExtensibilityGlobals) = postSolution
		SolutionGuid = {2C14869E-9622-421E-9500-80B11DF474CF}
	EndGlobalSection
EndGlobal
